lockfileVersion: '9.0'

settings:
  autoInstallPeers: true
  excludeLinksFromLockfile: false

importers:

  .:
    devDependencies:
      fast-check:
        specifier: ^4.6.0
        version: 4.6.0
      typescript:
        specifier: ^5.9.3
        version: 5.9.3

packages:

  fast-check@4.6.0:
    resolution: {integrity: sha512-h7H6Dm0Fy+H4ciQYFxFjXnXkzR2kr9Fb22c0UBpHnm59K2zpr2t13aPTHlltFiNT6zuxp6HMPAVVvgur4BLdpA==}
    engines: {node: '>=12.17.0'}

  pure-rand@8.1.0:
    resolution: {integrity: sha512-53B3MB8wetRdD6JZ4W/0gDKaOvKwuXrEmV1auQc0hASWge8rieKV4PCCVNVbJ+i24miiubb4c/B+dg8Ho0ikYw==}

  typescript@5.9.3:
    resolution: {integrity: sha512-jl1vZzPDinLr9eUt3J/t7V6FgNEw9QjvBPdysz9KfQDD41fQrC2Y4vKQdiaUpFT4bXlb1RHhLpp8wtm6M5TgSw==}
    engines: {node: '>=14.17'}
    hasBin: true

snapshots:

  fast-check@4.6.0:
    dependencies:
      pure-rand: 8.1.0

  pure-rand@8.1.0: {}

  typescript@5.9.3: {}
